// !$*UTF8*$!
{
	archiveVersion = 1;
	classes = {
	};
	objectVersion = 56;
	objects = {

/* Begin PBXBuildFile section */
		22439BBC5C6332659505E8AF /* Pods_SamespaceAssignment.framework in Frameworks */ = {isa = PBXBuildFile; fileRef = 10DD4BA07B091D4F05C24553 /* Pods_SamespaceAssignment.framework */; };
		B12816072B57EB0D00D97055 /* SongListViewModel.swift in Sources */ = {isa = PBXBuildFile; fileRef = B12816062B57EB0D00D97055 /* SongListViewModel.swift */; };
		B12816092B57EB1F00D97055 /* SongListModel.swift in Sources */ = {isa = PBXBuildFile; fileRef = B12816082B57EB1F00D97055 /* SongListModel.swift */; };
		B128160B2B57EB3100D97055 /* SongListService.swift in Sources */ = {isa = PBXBuildFile; fileRef = B128160A2B57EB3100D97055 /* SongListService.swift */; };
		B1359CFB2B56721F0095A19C /* AppDelegate.swift in Sources */ = {isa = PBXBuildFile; fileRef = B1359CFA2B56721F0095A19C /* AppDelegate.swift */; };
		B1359CFD2B56721F0095A19C /* SceneDelegate.swift in Sources */ = {isa = PBXBuildFile; fileRef = B1359CFC2B56721F0095A19C /* SceneDelegate.swift */; };
		B1359CFF2B56721F0095A19C /* ViewController.swift in Sources */ = {isa = PBXBuildFile; fileRef = B1359CFE2B56721F0095A19C /* ViewController.swift */; };
		B1359D022B56721F0095A19C /* Main.storyboard in Resources */ = {isa = PBXBuildFile; fileRef = B1359D002B56721F0095A19C /* Main.storyboard */; };
		B1359D042B5672200095A19C /* Assets.xcassets in Resources */ = {isa = PBXBuildFile; fileRef = B1359D032B5672200095A19C /* Assets.xcassets */; };
		B1359D072B5672200095A19C /* LaunchScreen.storyboard in Resources */ = {isa = PBXBuildFile; fileRef = B1359D052B5672200095A19C /* LaunchScreen.storyboard */; };
		B1C5D23E2B5BC14700572B85 /* MediaViewController.swift in Sources */ = {isa = PBXBuildFile; fileRef = B1C5D23D2B5BC14700572B85 /* MediaViewController.swift */; };
		B1C5D2412B5BE24B00572B85 /* Kingfisher in Frameworks */ = {isa = PBXBuildFile; productRef = B1C5D2402B5BE24B00572B85 /* Kingfisher */; };
/* End PBXBuildFile section */

/* Begin PBXFileReference section */
		10DD4BA07B091D4F05C24553 /* Pods_SamespaceAssignment.framework */ = {isa = PBXFileReference; explicitFileType = wrapper.framework; includeInIndex = 0; path = Pods_SamespaceAssignment.framework; sourceTree = BUILT_PRODUCTS_DIR; };
		3165A62E613673D343D9A77B /* Pods-SamespaceAssignment.release.xcconfig */ = {isa = PBXFileReference; includeInIndex = 1; lastKnownFileType = text.xcconfig; name = "Pods-SamespaceAssignment.release.xcconfig"; path = "Target Support Files/Pods-SamespaceAssignment/Pods-SamespaceAssignment.release.xcconfig"; sourceTree = "<group>"; };
		B12816062B57EB0D00D97055 /* SongListViewModel.swift */ = {isa = PBXFileReference; lastKnownFileType = sourcecode.swift; path = SongListViewModel.swift; sourceTree = "<group>"; };
		B12816082B57EB1F00D97055 /* SongListModel.swift */ = {isa = PBXFileReference; lastKnownFileType = sourcecode.swift; path = SongListModel.swift; sourceTree = "<group>"; };
		B128160A2B57EB3100D97055 /* SongListService.swift */ = {isa = PBXFileReference; lastKnownFileType = sourcecode.swift; path = SongListService.swift; sourceTree = "<group>"; };
		B1359CF72B56721F0095A19C /* SamespaceAssignment.app */ = {isa = PBXFileReference; explicitFileType = wrapper.application; includeInIndex = 0; path = SamespaceAssignment.app; sourceTree = BUILT_PRODUCTS_DIR; };
		B1359CFA2B56721F0095A19C /* AppDelegate.swift */ = {isa = PBXFileReference; lastKnownFileType = sourcecode.swift; path = AppDelegate.swift; sourceTree = "<group>"; };
		B1359CFC2B56721F0095A19C /* SceneDelegate.swift */ = {isa = PBXFileReference; lastKnownFileType = sourcecode.swift; path = SceneDelegate.swift; sourceTree = "<group>"; };
		B1359CFE2B56721F0095A19C /* ViewController.swift */ = {isa = PBXFileReference; lastKnownFileType = sourcecode.swift; path = ViewController.swift; sourceTree = "<group>"; };
		B1359D012B56721F0095A19C /* Base */ = {isa = PBXFileReference; lastKnownFileType = file.storyboard; name = Base; path = Base.lproj/Main.storyboard; sourceTree = "<group>"; };
		B1359D032B5672200095A19C /* Assets.xcassets */ = {isa = PBXFileReference; lastKnownFileType = folder.assetcatalog; path = Assets.xcassets; sourceTree = "<group>"; };
		B1359D062B5672200095A19C /* Base */ = {isa = PBXFileReference; lastKnownFileType = file.storyboard; name = Base; path = Base.lproj/LaunchScreen.storyboard; sourceTree = "<group>"; };
		B1359D082B5672200095A19C /* Info.plist */ = {isa = PBXFileReference; lastKnownFileType = text.plist.xml; path = Info.plist; sourceTree = "<group>"; };
		B1C5D23D2B5BC14700572B85 /* MediaViewController.swift */ = {isa = PBXFileReference; lastKnownFileType = sourcecode.swift; path = MediaViewController.swift; sourceTree = "<group>"; };
		CA2E8D715C970DA0C98C054F /* Pods-SamespaceAssignment.debug.xcconfig */ = {isa = PBXFileReference; includeInIndex = 1; lastKnownFileType = text.xcconfig; name = "Pods-SamespaceAssignment.debug.xcconfig"; path = "Target Support Files/Pods-SamespaceAssignment/Pods-SamespaceAssignment.debug.xcconfig"; sourceTree = "<group>"; };
/* End PBXFileReference section */

/* Begin PBXFrameworksBuildPhase section */
		B1359CF42B56721F0095A19C /* Frameworks */ = {
			isa = PBXFrameworksBuildPhase;
			buildActionMask = 2147483647;
			files = (
				B1C5D2412B5BE24B00572B85 /* Kingfisher in Frameworks */,
				22439BBC5C6332659505E8AF /* Pods_SamespaceAssignment.framework in Frameworks */,
			);
			runOnlyForDeploymentPostprocessing = 0;
		};
/* End PBXFrameworksBuildPhase section */

/* Begin PBXGroup section */
		1246B77999A24A4BE5051C23 /* Pods */ = {
			isa = PBXGroup;
			children = (
				CA2E8D715C970DA0C98C054F /* Pods-SamespaceAssignment.debug.xcconfig */,
				3165A62E613673D343D9A77B /* Pods-SamespaceAssignment.release.xcconfig */,
			);
			path = Pods;
			sourceTree = "<group>";
		};
		4DF7F46B89747EC3A4D05E30 /* Frameworks */ = {
			isa = PBXGroup;
			children = (
				10DD4BA07B091D4F05C24553 /* Pods_SamespaceAssignment.framework */,
			);
			name = Frameworks;
			sourceTree = "<group>";
		};
		B12816052B57EACB00D97055 /* SongListScreen */ = {
			isa = PBXGroup;
			children = (
				B1359CFE2B56721F0095A19C /* ViewController.swift */,
				B12816062B57EB0D00D97055 /* SongListViewModel.swift */,
				B12816082B57EB1F00D97055 /* SongListModel.swift */,
				B128160A2B57EB3100D97055 /* SongListService.swift */,
			);
			path = SongListScreen;
			sourceTree = "<group>";
		};
		B1359CEE2B56721F0095A19C = {
			isa = PBXGroup;
			children = (
				B1359CF92B56721F0095A19C /* SamespaceAssignment */,
				B1359CF82B56721F0095A19C /* Products */,
				1246B77999A24A4BE5051C23 /* Pods */,
				4DF7F46B89747EC3A4D05E30 /* Frameworks */,
			);
			sourceTree = "<group>";
		};
		B1359CF82B56721F0095A19C /* Products */ = {
			isa = PBXGroup;
			children = (
				B1359CF72B56721F0095A19C /* SamespaceAssignment.app */,
			);
			name = Products;
			sourceTree = "<group>";
		};
		B1359CF92B56721F0095A19C /* SamespaceAssignment */ = {
			isa = PBXGroup;
			children = (
				B1359CFA2B56721F0095A19C /* AppDelegate.swift */,
				B1359CFC2B56721F0095A19C /* SceneDelegate.swift */,
				B12816052B57EACB00D97055 /* SongListScreen */,
				B1C5D23C2B5BC0F700572B85 /* MediaScreen */,
				B1359D002B56721F0095A19C /* Main.storyboard */,
				B1359D032B5672200095A19C /* Assets.xcassets */,
				B1359D052B5672200095A19C /* LaunchScreen.storyboard */,
				B1359D082B5672200095A19C /* Info.plist */,
			);
			path = SamespaceAssignment;
			sourceTree = "<group>";
		};
		B1C5D23C2B5BC0F700572B85 /* MediaScreen */ = {
			isa = PBXGroup;
			children = (
				B1C5D23D2B5BC14700572B85 /* MediaViewController.swift */,
			);
			path = MediaScreen;
			sourceTree = "<group>";
		};
/* End PBXGroup section */

/* Begin PBXNativeTarget section */
		B1359CF62B56721F0095A19C /* SamespaceAssignment */ = {
			isa = PBXNativeTarget;
			buildConfigurationList = B1359D0B2B5672200095A19C /* Build configuration list for PBXNativeTarget "SamespaceAssignment" */;
			buildPhases = (
				806946D7AA65A739891B0526 /* [CP] Check Pods Manifest.lock */,
				B1359CF32B56721F0095A19C /* Sources */,
				B1359CF42B56721F0095A19C /* Frameworks */,
				B1359CF52B56721F0095A19C /* Resources */,
				927C3E8565202B8B51127728 /* [CP] Embed Pods Frameworks */,
			);
			buildRules = (
			);
			dependencies = (
			);
			name = SamespaceAssignment;
			packageProductDependencies = (
				B1C5D2402B5BE24B00572B85 /* Kingfisher */,
			);
			productName = SamespaceAssignment;
			productReference = B1359CF72B56721F0095A19C /* SamespaceAssignment.app */;
			productType = "com.apple.product-type.application";
		};
/* End PBXNativeTarget section */

/* Begin PBXProject section */
		B1359CEF2B56721F0095A19C /* Project object */ = {
			isa = PBXProject;
			attributes = {
				BuildIndependentTargetsInParallel = 1;
				LastSwiftUpdateCheck = 1520;
				LastUpgradeCheck = 1520;
				TargetAttributes = {
					B1359CF62B56721F0095A19C = {
						CreatedOnToolsVersion = 15.2;
					};
				};
			};
			buildConfigurationList = B1359CF22B56721F0095A19C /* Build configuration list for PBXProject "SamespaceAssignment" */;
			compatibilityVersion = "Xcode 14.0";
			developmentRegion = en;
			hasScannedForEncodings = 0;
			knownRegions = (
				en,
				Base,
			);
			mainGroup = B1359CEE2B56721F0095A19C;
			packageReferences = (
				B1C5D23F2B5BE24B00572B85 /* XCRemoteSwiftPackageReference "Kingfisher" */,
			);
			productRefGroup = B1359CF82B56721F0095A19C /* Products */;
			projectDirPath = "";
			projectRoot = "";
			targets = (
				B1359CF62B56721F0095A19C /* SamespaceAssignment */,
			);
		};
/* End PBXProject section */

/* Begin PBXResourcesBuildPhase section */
		B1359CF52B56721F0095A19C /* Resources */ = {
			isa = PBXResourcesBuildPhase;
			buildActionMask = 2147483647;
			files = (
				B1359D072B5672200095A19C /* LaunchScreen.storyboard in Resources */,
				B1359D042B5672200095A19C /* Assets.xcassets in Resources */,
				B1359D022B56721F0095A19C /* Main.storyboard in Resources */,
			);
			runOnlyForDeploymentPostprocessing = 0;
		};
/* End PBXResourcesBuildPhase section */

/* Begin PBXShellScriptBuildPhase section */
		806946D7AA65A739891B0526 /* [CP] Check Pods Manifest.lock */ = {
			isa = PBXShellScriptBuildPhase;
			buildActionMask = 2147483647;
			files = (
			);
			inputFileListPaths = (
			);
			inputPaths = (
				"${PODS_PODFILE_DIR_PATH}/Podfile.lock",
				"${PODS_ROOT}/Manifest.lock",
			);
			name = "[CP] Check Pods Manifest.lock";
			outputFileListPaths = (
			);
			outputPaths = (
				"$(DERIVED_FILE_DIR)/Pods-SamespaceAssignment-checkManifestLockResult.txt",
			);
			runOnlyForDeploymentPostprocessing = 0;
			shellPath = /bin/sh;
			shellScript = "diff \"${PODS_PODFILE_DIR_PATH}/Podfile.lock\" \"${PODS_ROOT}/Manifest.lock\" > /dev/null\nif [ $? != 0 ] ; then\n    # print error to STDERR\n    echo \"error: The sandbox is not in sync with the Podfile.lock. Run 'pod install' or update your CocoaPods installation.\" >&2\n    exit 1\nfi\n# This output is used by Xcode 'outputs' to avoid re-running this script phase.\necho \"SUCCESS\" > \"${SCRIPT_OUTPUT_FILE_0}\"\n";
			showEnvVarsInLog = 0;
		};
		927C3E8565202B8B51127728 /* [CP] Embed Pods Frameworks */ = {
			isa = PBXShellScriptBuildPhase;
			buildActionMask = 2147483647;
			files = (
			);
			inputFileListPaths = (
				"${PODS_ROOT}/Target Support Files/Pods-SamespaceAssignment/Pods-SamespaceAssignment-frameworks-${CONFIGURATION}-input-files.xcfilelist",
			);
			name = "[CP] Embed Pods Frameworks";
			outputFileListPaths = (
				"${PODS_ROOT}/Target Support Files/Pods-SamespaceAssignment/Pods-SamespaceAssignment-frameworks-${CONFIGURATION}-output-files.xcfilelist",
			);
			runOnlyForDeploymentPostprocessing = 0;
			shellPath = /bin/sh;
			shellScript = "\"${PODS_ROOT}/Target Support Files/Pods-SamespaceAssignment/Pods-SamespaceAssignment-frameworks.sh\"\n";
			showEnvVarsInLog = 0;
		};
/* End PBXShellScriptBuildPhase section */

/* Begin PBXSourcesBuildPhase section */
		B1359CF32B56721F0095A19C /* Sources */ = {
			isa = PBXSourcesBuildPhase;
			buildActionMask = 2147483647;
			files = (
				B128160B2B57EB3100D97055 /* SongListService.swift in Sources */,
				B1C5D23E2B5BC14700572B85 /* MediaViewController.swift in Sources */,
				B1359CFF2B56721F0095A19C /* ViewController.swift in Sources */,
				B12816092B57EB1F00D97055 /* SongListModel.swift in Sources */,
				B12816072B57EB0D00D97055 /* SongListViewModel.swift in Sources */,
				B1359CFB2B56721F0095A19C /* AppDelegate.swift in Sources */,
				B1359CFD2B56721F0095A19C /* SceneDelegate.swift in Sources */,
			);
			runOnlyForDeploymentPostprocessing = 0;
		};
/* End PBXSourcesBuildPhase section */

/* Begin PBXVariantGroup section */
		B1359D002B56721F0095A19C /* Main.storyboard */ = {
			isa = PBXVariantGroup;
			children = (
				B1359D012B56721F0095A19C /* Base */,
			);
			name = Main.storyboard;
			sourceTree = "<group>";
		};
		B1359D052B5672200095A19C /* LaunchScreen.storyboard */ = {
			isa = PBXVariantGroup;
			children = (
				B1359D062B5672200095A19C /* Base */,
			);
			name = LaunchScreen.storyboard;
			sourceTree = "<group>";
		};
/* End PBXVariantGroup section */

/* Begin XCBuildConfiguration section */
		B1359D092B5672200095A19C /* Debug */ = {
			isa = XCBuildConfiguration;
			buildSettings = {
				ALWAYS_SEARCH_USER_PATHS = NO;
				ASSETCATALOG_COMPILER_GENERATE_SWIFT_ASSET_SYMBOL_EXTENSIONS = YES;
				CLANG_ANALYZER_NONNULL = YES;
				CLANG_ANALYZER_NUMBER_OBJECT_CONVERSION = YES_AGGRESSIVE;
				CLANG_CXX_LANGUAGE_STANDARD = "gnu++20";
				CLANG_ENABLE_MODULES = YES;
				CLANG_ENABLE_OBJC_ARC = YES;
				CLANG_ENABLE_OBJC_WEAK = YES;
				CLANG_WARN_BLOCK_CAPTURE_AUTORELEASING = YES;
				CLANG_WARN_BOOL_CONVERSION = YES;
				CLANG_WARN_COMMA = YES;
				CLANG_WARN_CONSTANT_CONVERSION = YES;
				CLANG_WARN_DEPRECATED_OBJC_IMPLEMENTATIONS = YES;
				CLANG_WARN_DIRECT_OBJC_ISA_USAGE = YES_ERROR;
				CLANG_WARN_DOCUMENTATION_COMMENTS = YES;
				CLANG_WARN_EMPTY_BODY = YES;
				CLANG_WARN_ENUM_CONVERSION = YES;
				CLANG_WARN_INFINITE_RECURSION = YES;
				CLANG_WARN_INT_CONVERSION = YES;
				CLANG_WARN_NON_LITERAL_NULL_CONVERSION = YES;
				CLANG_WARN_OBJC_IMPLICIT_RETAIN_SELF = YES;
				CLANG_WARN_OBJC_LITERAL_CONVERSION = YES;
				CLANG_WARN_OBJC_ROOT_CLASS = YES_ERROR;
				CLANG_WARN_QUOTED_INCLUDE_IN_FRAMEWORK_HEADER = YES;
				CLANG_WARN_RANGE_LOOP_ANALYSIS = YES;
				CLANG_WARN_STRICT_PROTOTYPES = YES;
				CLANG_WARN_SUSPICIOUS_MOVE = YES;
				CLANG_WARN_UNGUARDED_AVAILABILITY = YES_AGGRESSIVE;
				CLANG_WARN_UNREACHABLE_CODE = YES;
				CLANG_WARN__DUPLICATE_METHOD_MATCH = YES;
				COPY_PHASE_STRIP = NO;
				DEBUG_INFORMATION_FORMAT = dwarf;
				ENABLE_STRICT_OBJC_MSGSEND = YES;
				ENABLE_TESTABILITY = YES;
				ENABLE_USER_SCRIPT_SANDBOXING = YES;
				GCC_C_LANGUAGE_STANDARD = gnu17;
				GCC_DYNAMIC_NO_PIC = NO;
				GCC_NO_COMMON_BLOCKS = YES;
				GCC_OPTIMIZATION_LEVEL = 0;
				GCC_PREPROCESSOR_DEFINITIONS = (
					"DEBUG=1",
					"$(inherited)",
				);
				GCC_WARN_64_TO_32_BIT_CONVERSION = YES;
				GCC_WARN_ABOUT_RETURN_TYPE = YES_ERROR;
				GCC_WARN_UNDECLARED_SELECTOR = YES;
				GCC_WARN_UNINITIALIZED_AUTOS = YES_AGGRESSIVE;
				GCC_WARN_UNUSED_FUNCTION = YES;
				GCC_WARN_UNUSED_VARIABLE = YES;
				IPHONEOS_DEPLOYMENT_TARGET = 15.0;
				LOCALIZATION_PREFERS_STRING_CATALOGS = YES;
				MTL_ENABLE_DEBUG_INFO = INCLUDE_SOURCE;
				MTL_FAST_MATH = YES;
				ONLY_ACTIVE_ARCH = YES;
				SDKROOT = iphoneos;
				SWIFT_ACTIVE_COMPILATION_CONDITIONS = "DEBUG $(inherited)";
				SWIFT_OPTIMIZATION_LEVEL = "-Onone";
			};
			name = Debug;
		};
		B1359D0A2B5672200095A19C /* Release */ = {
			isa = XCBuildConfiguration;
			buildSettings = {
				ALWAYS_SEARCH_USER_PATHS = NO;
				ASSETCATALOG_COMPILER_GENERATE_SWIFT_ASSET_SYMBOL_EXTENSIONS = YES;
				CLANG_ANALYZER_NONNULL = YES;
				CLANG_ANALYZER_NUMBER_OBJECT_CONVERSION = YES_AGGRESSIVE;
				CLANG_CXX_LANGUAGE_STANDARD = "gnu++20";
				CLANG_ENABLE_MODULES = YES;
				CLANG_ENABLE_OBJC_ARC = YES;
				CLANG_ENABLE_OBJC_WEAK = YES;
				CLANG_WARN_BLOCK_CAPTURE_AUTORELEASING = YES;
				CLANG_WARN_BOOL_CONVERSION = YES;
				CLANG_WARN_COMMA = YES;
				CLANG_WARN_CONSTANT_CONVERSION = YES;
				CLANG_WARN_DEPRECATED_OBJC_IMPLEMENTATIONS = YES;
				CLANG_WARN_DIRECT_OBJC_ISA_USAGE = YES_ERROR;
				CLANG_WARN_DOCUMENTATION_COMMENTS = YES;
				CLANG_WARN_EMPTY_BODY = YES;
				CLANG_WARN_ENUM_CONVERSION = YES;
				CLANG_WARN_INFINITE_RECURSION = YES;
				CLANG_WARN_INT_CONVERSION = YES;
				CLANG_WARN_NON_LITERAL_NULL_CONVERSION = YES;
				CLANG_WARN_OBJC_IMPLICIT_RETAIN_SELF = YES;
				CLANG_WARN_OBJC_LITERAL_CONVERSION = YES;
				CLANG_WARN_OBJC_ROOT_CLASS = YES_ERROR;
				CLANG_WARN_QUOTED_INCLUDE_IN_FRAMEWORK_HEADER = YES;
				CLANG_WARN_RANGE_LOOP_ANALYSIS = YES;
				CLANG_WARN_STRICT_PROTOTYPES = YES;
				CLANG_WARN_SUSPICIOUS_MOVE = YES;
				CLANG_WARN_UNGUARDED_AVAILABILITY = YES_AGGRESSIVE;
				CLANG_WARN_UNREACHABLE_CODE = YES;
				CLANG_WARN__DUPLICATE_METHOD_MATCH = YES;
				COPY_PHASE_STRIP = NO;
				DEBUG_INFORMATION_FORMAT = "dwarf-with-dsym";
				ENABLE_NS_ASSERTIONS = NO;
				ENABLE_STRICT_OBJC_MSGSEND = YES;
				ENABLE_USER_SCRIPT_SANDBOXING = YES;
				GCC_C_LANGUAGE_STANDARD = gnu17;
				GCC_NO_COMMON_BLOCKS = YES;
				GCC_WARN_64_TO_32_BIT_CONVERSION = YES;
				GCC_WARN_ABOUT_RETURN_TYPE = YES_ERROR;
				GCC_WARN_UNDECLARED_SELECTOR = YES;
				GCC_WARN_UNINITIALIZED_AUTOS = YES_AGGRESSIVE;
				GCC_WARN_UNUSED_FUNCTION = YES;
				GCC_WARN_UNUSED_VARIABLE = YES;
				IPHONEOS_DEPLOYMENT_TARGET = 15.0;
				LOCALIZATION_PREFERS_STRING_CATALOGS = YES;
				MTL_ENABLE_DEBUG_INFO = NO;
				MTL_FAST_MATH = YES;
				SDKROOT = iphoneos;
				SWIFT_COMPILATION_MODE = wholemodule;
				VALIDATE_PRODUCT = YES;
			};
			name = Release;
		};
		B1359D0C2B5672200095A19C /* Debug */ = {
			isa = XCBuildConfiguration;
			baseConfigurationReference = CA2E8D715C970DA0C98C054F /* Pods-SamespaceAssignment.debug.xcconfig */;
			buildSettings = {
				ASSETCATALOG_COMPILER_APPICON_NAME = AppIcon;
				ASSETCATALOG_COMPILER_GLOBAL_ACCENT_COLOR_NAME = AccentColor;
				CODE_SIGN_STYLE = Automatic;
				CURRENT_PROJECT_VERSION = 1;
				ENABLE_USER_SCRIPT_SANDBOXING = NO;
				GENERATE_INFOPLIST_FILE = YES;
				INFOPLIST_FILE = SamespaceAssignment/Info.plist;
				INFOPLIST_KEY_UIApplicationSupportsIndirectInputEvents = YES;
				INFOPLIST_KEY_UILaunchStoryboardName = LaunchScreen;
				INFOPLIST_KEY_UIMainStoryboardFile = Main;
				INFOPLIST_KEY_UISupportedInterfaceOrientations_iPad = "UIInterfaceOrientationPortrait UIInterfaceOrientationPortraitUpsideDown UIInterfaceOrientationLandscapeLeft UIInterfaceOrientationLandscapeRight";
				INFOPLIST_KEY_UISupportedInterfaceOrientations_iPhone = "UIInterfaceOrientationPortrait UIInterfaceOrientationLandscapeLeft UIInterfaceOrientationLandscapeRight";
				IPHONEOS_DEPLOYMENT_TARGET = 17.0;
				LD_RUNPATH_SEARCH_PATHS = (
					"$(inherited)",
					"@executable_path/Frameworks",
				);
				MARKETING_VERSION = 1.0;
				PRODUCT_BUNDLE_IDENTIFIER = com.Shreyas.SamespaceAssignment;
				PRODUCT_NAME = "$(TARGET_NAME)";
				SWIFT_EMIT_LOC_STRINGS = YES;
				SWIFT_VERSION = 5.0;
				TARGETED_DEVICE_FAMILY = "1,2";
			};
			name = Debug;
		};
		B1359D0D2B5672200095A19C /* Release */ = {
			isa = XCBuildConfiguration;
			baseConfigurationReference = 3165A62E613673D343D9A77B /* Pods-SamespaceAssignment.release.xcconfig */;
			buildSettings = {
				ASSETCATALOG_COMPILER_APPICON_NAME = AppIcon;
				ASSETCATALOG_COMPILER_GLOBAL_ACCENT_COLOR_NAME = AccentColor;
				CODE_SIGN_STYLE = Automatic;
				CURRENT_PROJECT_VERSION = 1;
				ENABLE_USER_SCRIPT_SANDBOXING = NO;
				GENERATE_INFOPLIST_FILE = YES;
				INFOPLIST_FILE = SamespaceAssignment/Info.plist;
				INFOPLIST_KEY_UIApplicationSupportsIndirectInputEvents = YES;
				INFOPLIST_KEY_UILaunchStoryboardName = LaunchScreen;
				INFOPLIST_KEY_UIMainStoryboardFile = Main;
				INFOPLIST_KEY_UISupportedInterfaceOrientations_iPad = "UIInterfaceOrientationPortrait UIInterfaceOrientationPortraitUpsideDown UIInterfaceOrientationLandscapeLeft UIInterfaceOrientationLandscapeRight";
				INFOPLIST_KEY_UISupportedInterfaceOrientations_iPhone = "UIInterfaceOrientationPortrait UIInterfaceOrientationLandscapeLeft UIInterfaceOrientationLandscapeRight";
				IPHONEOS_DEPLOYMENT_TARGET = 17.0;
				LD_RUNPATH_SEARCH_PATHS = (
					"$(inherited)",
					"@executable_path/Frameworks",
				);
				MARKETING_VERSION = 1.0;
				PRODUCT_BUNDLE_IDENTIFIER = com.Shreyas.SamespaceAssignment;
				PRODUCT_NAME = "$(TARGET_NAME)";
				SWIFT_EMIT_LOC_STRINGS = YES;
				SWIFT_VERSION = 5.0;
				TARGETED_DEVICE_FAMILY = "1,2";
			};
			name = Release;
		};
/* End XCBuildConfiguration section */

/* Begin XCConfigurationList section */
		B1359CF22B56721F0095A19C /* Build configuration list for PBXProject "SamespaceAssignment" */ = {
			isa = XCConfigurationList;
			buildConfigurations = (
				B1359D092B5672200095A19C /* Debug */,
				B1359D0A2B5672200095A19C /* Release */,
			);
			defaultConfigurationIsVisible = 0;
			defaultConfigurationName = Release;
		};
		B1359D0B2B5672200095A19C /* Build configuration list for PBXNativeTarget "SamespaceAssignment" */ = {
			isa = XCConfigurationList;
			buildConfigurations = (
				B1359D0C2B5672200095A19C /* Debug */,
				B1359D0D2B5672200095A19C /* Release */,
			);
			defaultConfigurationIsVisible = 0;
			defaultConfigurationName = Release;
		};
/* End XCConfigurationList section */

/* Begin XCRemoteSwiftPackageReference section */
		B1C5D23F2B5BE24B00572B85 /* XCRemoteSwiftPackageReference "Kingfisher" */ = {
			isa = XCRemoteSwiftPackageReference;
			repositoryURL = "https://github.com/onevcat/Kingfisher.git";
			requirement = {
				kind = upToNextMajorVersion;
				minimumVersion = 7.10.2;
			};
		};
/* End XCRemoteSwiftPackageReference section */

/* Begin XCSwiftPackageProductDependency section */
		B1C5D2402B5BE24B00572B85 /* Kingfisher */ = {
			isa = XCSwiftPackageProductDependency;
			package = B1C5D23F2B5BE24B00572B85 /* XCRemoteSwiftPackageReference "Kingfisher" */;
			productName = Kingfisher;
		};
/* End XCSwiftPackageProductDependency section */
	};
	rootObject = B1359CEF2B56721F0095A19C /* Project object */;
}
